
Microsoft Visual Studio Solution File, Format Version 12.00
# Visual Studio Version 17
VisualStudioVersion = 17.12.35527.113 d17.12
MinimumVisualStudioVersion = 10.0.40219.1
Project("{FAE04EC0-301F-11D3-BF4B-00C04F79EFBC}") = "lesson 10.1", "lesson 10.1\lesson 10.1.csproj", "{DC1F56F3-8CC5-4ACD-95F3-BD1CFA9A7A8E}"
EndProject
Global
	GlobalSection(SolutionConfigurationPlatforms) = preSolution
		Debug|Any CPU = Debug|Any CPU
		Release|Any CPU = Release|Any CPU
	EndGlobalSection
	GlobalSection(ProjectConfigurationPlatforms) = postSolution
		{DC1F56F3-8CC5-4ACD-95F3-BD1CFA9A7A8E}.Debug|Any CPU.ActiveCfg = Debug|Any CPU
		{DC1F56F3-8CC5-4ACD-95F3-BD1CFA9A7A8E}.Debug|Any CPU.Build.0 = Debug|Any CPU
		{DC1F56F3-8CC5-4ACD-95F3-BD1CFA9A7A8E}.Release|Any CPU.ActiveCfg = Release|Any CPU
		{DC1F56F3-8CC5-4ACD-95F3-BD1CFA9A7A8E}.Release|Any CPU.Build.0 = Release|Any CPU
	EndGlobalSection
	GlobalSection(SolutionProperties) = preSolution
		HideSolutionNode = FALSE
	EndGlobalSection
EndGlobal
