
Microsoft Visual Studio Solution File, Format Version 12.00
# Visual Studio Version 17
VisualStudioVersion = 17.13.35825.156 d17.13
MinimumVisualStudioVersion = 10.0.40219.1
Project("{FAE04EC0-301F-11D3-BF4B-00C04F79EFBC}") = "lesson 2.2", "lesson 2.2.csproj", "{4896E1D1-EBD1-426F-890A-E5DC89ED82F1}"
EndProject
Global
	GlobalSection(SolutionConfigurationPlatforms) = preSolution
		Debug|Any CPU = Debug|Any CPU
		Release|Any CPU = Release|Any CPU
	EndGlobalSection
	GlobalSection(ProjectConfigurationPlatforms) = postSolution
		{4896E1D1-EBD1-426F-890A-E5DC89ED82F1}.Debug|Any CPU.ActiveCfg = Debug|Any CPU
		{4896E1D1-EBD1-426F-890A-E5DC89ED82F1}.Debug|Any CPU.Build.0 = Debug|Any CPU
		{4896E1D1-EBD1-426F-890A-E5DC89ED82F1}.Release|Any CPU.ActiveCfg = Release|Any CPU
		{4896E1D1-EBD1-426F-890A-E5DC89ED82F1}.Release|Any CPU.Build.0 = Release|Any CPU
	EndGlobalSection
	GlobalSection(SolutionProperties) = preSolution
		HideSolutionNode = FALSE
	EndGlobalSection
	GlobalSection(ExtensibilityGlobals) = postSolution
		SolutionGuid = {713F1A7F-9A63-48F2-B4E8-4A3DD5B3921B}
	EndGlobalSection
EndGlobal
