
Microsoft Visual Studio Solution File, Format Version 12.00
# Visual Studio Version 17
VisualStudioVersion = 17.13.35825.156 d17.13
MinimumVisualStudioVersion = 10.0.40219.1
Project("{FAE04EC0-301F-11D3-BF4B-00C04F79EFBC}") = "Hw 3", "Hw 3.csproj", "{7C735653-7333-45DD-9E96-C3664CCD5F86}"
EndProject
Global
	GlobalSection(SolutionConfigurationPlatforms) = preSolution
		Debug|Any CPU = Debug|Any CPU
		Release|Any CPU = Release|Any CPU
	EndGlobalSection
	GlobalSection(ProjectConfigurationPlatforms) = postSolution
		{7C735653-7333-45DD-9E96-C3664CCD5F86}.Debug|Any CPU.ActiveCfg = Debug|Any CPU
		{7C735653-7333-45DD-9E96-C3664CCD5F86}.Debug|Any CPU.Build.0 = Debug|Any CPU
		{7C735653-7333-45DD-9E96-C3664CCD5F86}.Release|Any CPU.ActiveCfg = Release|Any CPU
		{7C735653-7333-45DD-9E96-C3664CCD5F86}.Release|Any CPU.Build.0 = Release|Any CPU
	EndGlobalSection
	GlobalSection(SolutionProperties) = preSolution
		HideSolutionNode = FALSE
	EndGlobalSection
	GlobalSection(ExtensibilityGlobals) = postSolution
		SolutionGuid = {E8A81126-3DF2-4BF7-B8CF-8FC7038856F8}
	EndGlobalSection
EndGlobal
