
Microsoft Visual Studio Solution File, Format Version 12.00
# Visual Studio Version 17
VisualStudioVersion = 17.13.35825.156 d17.13
MinimumVisualStudioVersion = 10.0.40219.1
Project("{FAE04EC0-301F-11D3-BF4B-00C04F79EFBC}") = "lesson 1.1", "lesson 1.1.csproj", "{84AFBA4F-4C7E-4E60-B610-C2021DA79645}"
EndProject
Global
	GlobalSection(SolutionConfigurationPlatforms) = preSolution
		Debug|Any CPU = Debug|Any CPU
		Release|Any CPU = Release|Any CPU
	EndGlobalSection
	GlobalSection(ProjectConfigurationPlatforms) = postSolution
		{84AFBA4F-4C7E-4E60-B610-C2021DA79645}.Debug|Any CPU.ActiveCfg = Debug|Any CPU
		{84AFBA4F-4C7E-4E60-B610-C2021DA79645}.Debug|Any CPU.Build.0 = Debug|Any CPU
		{84AFBA4F-4C7E-4E60-B610-C2021DA79645}.Release|Any CPU.ActiveCfg = Release|Any CPU
		{84AFBA4F-4C7E-4E60-B610-C2021DA79645}.Release|Any CPU.Build.0 = Release|Any CPU
	EndGlobalSection
	GlobalSection(SolutionProperties) = preSolution
		HideSolutionNode = FALSE
	EndGlobalSection
	GlobalSection(ExtensibilityGlobals) = postSolution
		SolutionGuid = {F320CA2B-412D-462D-A4ED-40E5A524587C}
	EndGlobalSection
EndGlobal
