
Microsoft Visual Studio Solution File, Format Version 12.00
# Visual Studio Version 17
VisualStudioVersion = 17.13.35825.156 d17.13
MinimumVisualStudioVersion = 10.0.40219.1
Project("{FAE04EC0-301F-11D3-BF4B-00C04F79EFBC}") = "lesson 31.", "..\lesson 31\lesson 31..csproj", "{39D8F294-61C8-44E4-952C-70B0B061A40E}"
EndProject
Global
	GlobalSection(SolutionConfigurationPlatforms) = preSolution
		Debug|Any CPU = Debug|Any CPU
		Release|Any CPU = Release|Any CPU
	EndGlobalSection
	GlobalSection(ProjectConfigurationPlatforms) = postSolution
		{39D8F294-61C8-44E4-952C-70B0B061A40E}.Debug|Any CPU.ActiveCfg = Debug|Any CPU
		{39D8F294-61C8-44E4-952C-70B0B061A40E}.Debug|Any CPU.Build.0 = Debug|Any CPU
		{39D8F294-61C8-44E4-952C-70B0B061A40E}.Release|Any CPU.ActiveCfg = Release|Any CPU
		{39D8F294-61C8-44E4-952C-70B0B061A40E}.Release|Any CPU.Build.0 = Release|Any CPU
	EndGlobalSection
	GlobalSection(SolutionProperties) = preSolution
		HideSolutionNode = FALSE
	EndGlobalSection
	GlobalSection(ExtensibilityGlobals) = postSolution
		SolutionGuid = {B8B7367C-FD94-48A8-A5F9-1EFF2887E26E}
	EndGlobalSection
EndGlobal
