
Microsoft Visual Studio Solution File, Format Version 12.00
# Visual Studio Version 17
VisualStudioVersion = 17.13.35825.156 d17.13
MinimumVisualStudioVersion = 10.0.40219.1
Project("{FAE04EC0-301F-11D3-BF4B-00C04F79EFBC}") = "lesson 3.1", "lesson 3.1.csproj", "{C3D8F3F4-CA9C-4EEB-9E38-66825B8300D5}"
EndProject
Global
	GlobalSection(SolutionConfigurationPlatforms) = preSolution
		Debug|Any CPU = Debug|Any CPU
		Release|Any CPU = Release|Any CPU
	EndGlobalSection
	GlobalSection(ProjectConfigurationPlatforms) = postSolution
		{C3D8F3F4-CA9C-4EEB-9E38-66825B8300D5}.Debug|Any CPU.ActiveCfg = Debug|Any CPU
		{C3D8F3F4-CA9C-4EEB-9E38-66825B8300D5}.Debug|Any CPU.Build.0 = Debug|Any CPU
		{C3D8F3F4-CA9C-4EEB-9E38-66825B8300D5}.Release|Any CPU.ActiveCfg = Release|Any CPU
		{C3D8F3F4-CA9C-4EEB-9E38-66825B8300D5}.Release|Any CPU.Build.0 = Release|Any CPU
	EndGlobalSection
	GlobalSection(SolutionProperties) = preSolution
		HideSolutionNode = FALSE
	EndGlobalSection
	GlobalSection(ExtensibilityGlobals) = postSolution
		SolutionGuid = {57A88E4D-BEED-46FD-AF3D-BB23F793C17E}
	EndGlobalSection
EndGlobal
