
Microsoft Visual Studio Solution File, Format Version 12.00
# Visual Studio Version 17
VisualStudioVersion = 17.13.35825.156 d17.13
MinimumVisualStudioVersion = 10.0.40219.1
Project("{FAE04EC0-301F-11D3-BF4B-00C04F79EFBC}") = "lesson 5.3", "lesson 5.3.csproj", "{EF3E29FA-F799-4DC3-8795-7D013036164B}"
EndProject
Global
	GlobalSection(SolutionConfigurationPlatforms) = preSolution
		Debug|Any CPU = Debug|Any CPU
		Release|Any CPU = Release|Any CPU
	EndGlobalSection
	GlobalSection(ProjectConfigurationPlatforms) = postSolution
		{EF3E29FA-F799-4DC3-8795-7D013036164B}.Debug|Any CPU.ActiveCfg = Debug|Any CPU
		{EF3E29FA-F799-4DC3-8795-7D013036164B}.Debug|Any CPU.Build.0 = Debug|Any CPU
		{EF3E29FA-F799-4DC3-8795-7D013036164B}.Release|Any CPU.ActiveCfg = Release|Any CPU
		{EF3E29FA-F799-4DC3-8795-7D013036164B}.Release|Any CPU.Build.0 = Release|Any CPU
	EndGlobalSection
	GlobalSection(SolutionProperties) = preSolution
		HideSolutionNode = FALSE
	EndGlobalSection
	GlobalSection(ExtensibilityGlobals) = postSolution
		SolutionGuid = {101AEC43-BB6E-4FA0-9270-F4BAB6650BD6}
	EndGlobalSection
EndGlobal
