
Microsoft Visual Studio Solution File, Format Version 12.00
# Visual Studio Version 17
VisualStudioVersion = 17.13.35825.156 d17.13
MinimumVisualStudioVersion = 10.0.40219.1
Project("{FAE04EC0-301F-11D3-BF4B-00C04F79EFBC}") = "lesson 3.3", "lesson 3.3.csproj", "{5C81838A-8BA1-4DC0-83F9-9B92983C5322}"
EndProject
Global
	GlobalSection(SolutionConfigurationPlatforms) = preSolution
		Debug|Any CPU = Debug|Any CPU
		Release|Any CPU = Release|Any CPU
	EndGlobalSection
	GlobalSection(ProjectConfigurationPlatforms) = postSolution
		{5C81838A-8BA1-4DC0-83F9-9B92983C5322}.Debug|Any CPU.ActiveCfg = Debug|Any CPU
		{5C81838A-8BA1-4DC0-83F9-9B92983C5322}.Debug|Any CPU.Build.0 = Debug|Any CPU
		{5C81838A-8BA1-4DC0-83F9-9B92983C5322}.Release|Any CPU.ActiveCfg = Release|Any CPU
		{5C81838A-8BA1-4DC0-83F9-9B92983C5322}.Release|Any CPU.Build.0 = Release|Any CPU
	EndGlobalSection
	GlobalSection(SolutionProperties) = preSolution
		HideSolutionNode = FALSE
	EndGlobalSection
	GlobalSection(ExtensibilityGlobals) = postSolution
		SolutionGuid = {610885DE-0715-4437-94EF-4604F4BF69EE}
	EndGlobalSection
EndGlobal
