
Microsoft Visual Studio Solution File, Format Version 12.00
# Visual Studio Version 17
VisualStudioVersion = 17.13.35825.156 d17.13
MinimumVisualStudioVersion = 10.0.40219.1
Project("{FAE04EC0-301F-11D3-BF4B-00C04F79EFBC}") = "lesson 1.4", "lesson 1.4.csproj", "{7D3B4F7C-D907-4FFA-B37A-CE7F050A0CB4}"
EndProject
Global
	GlobalSection(SolutionConfigurationPlatforms) = preSolution
		Debug|Any CPU = Debug|Any CPU
		Release|Any CPU = Release|Any CPU
	EndGlobalSection
	GlobalSection(ProjectConfigurationPlatforms) = postSolution
		{7D3B4F7C-D907-4FFA-B37A-CE7F050A0CB4}.Debug|Any CPU.ActiveCfg = Debug|Any CPU
		{7D3B4F7C-D907-4FFA-B37A-CE7F050A0CB4}.Debug|Any CPU.Build.0 = Debug|Any CPU
		{7D3B4F7C-D907-4FFA-B37A-CE7F050A0CB4}.Release|Any CPU.ActiveCfg = Release|Any CPU
		{7D3B4F7C-D907-4FFA-B37A-CE7F050A0CB4}.Release|Any CPU.Build.0 = Release|Any CPU
	EndGlobalSection
	GlobalSection(SolutionProperties) = preSolution
		HideSolutionNode = FALSE
	EndGlobalSection
	GlobalSection(ExtensibilityGlobals) = postSolution
		SolutionGuid = {D24E68D1-AAA3-4F80-A892-181A886D04A0}
	EndGlobalSection
EndGlobal
