
Microsoft Visual Studio Solution File, Format Version 12.00
# Visual Studio Version 17
VisualStudioVersion = 17.13.35825.156 d17.13
MinimumVisualStudioVersion = 10.0.40219.1
Project("{FAE04EC0-301F-11D3-BF4B-00C04F79EFBC}") = "lesson 3.2", "lesson 3.2.csproj", "{21222631-6E62-4D23-922A-ADC8BBBC1ACA}"
EndProject
Global
	GlobalSection(SolutionConfigurationPlatforms) = preSolution
		Debug|Any CPU = Debug|Any CPU
		Release|Any CPU = Release|Any CPU
	EndGlobalSection
	GlobalSection(ProjectConfigurationPlatforms) = postSolution
		{21222631-6E62-4D23-922A-ADC8BBBC1ACA}.Debug|Any CPU.ActiveCfg = Debug|Any CPU
		{21222631-6E62-4D23-922A-ADC8BBBC1ACA}.Debug|Any CPU.Build.0 = Debug|Any CPU
		{21222631-6E62-4D23-922A-ADC8BBBC1ACA}.Release|Any CPU.ActiveCfg = Release|Any CPU
		{21222631-6E62-4D23-922A-ADC8BBBC1ACA}.Release|Any CPU.Build.0 = Release|Any CPU
	EndGlobalSection
	GlobalSection(SolutionProperties) = preSolution
		HideSolutionNode = FALSE
	EndGlobalSection
	GlobalSection(ExtensibilityGlobals) = postSolution
		SolutionGuid = {B730FFC1-69B1-4BAA-8D51-3A181BCD4D92}
	EndGlobalSection
EndGlobal
