
Microsoft Visual Studio Solution File, Format Version 12.00
# Visual Studio Version 17
VisualStudioVersion = 17.13.35825.156 d17.13
MinimumVisualStudioVersion = 10.0.40219.1
Project("{FAE04EC0-301F-11D3-BF4B-00C04F79EFBC}") = "lesson 5.2", "lesson 5.2.csproj", "{1336EBC9-35D6-4552-81A5-B7DD008E478A}"
EndProject
Global
	GlobalSection(SolutionConfigurationPlatforms) = preSolution
		Debug|Any CPU = Debug|Any CPU
		Release|Any CPU = Release|Any CPU
	EndGlobalSection
	GlobalSection(ProjectConfigurationPlatforms) = postSolution
		{1336EBC9-35D6-4552-81A5-B7DD008E478A}.Debug|Any CPU.ActiveCfg = Debug|Any CPU
		{1336EBC9-35D6-4552-81A5-B7DD008E478A}.Debug|Any CPU.Build.0 = Debug|Any CPU
		{1336EBC9-35D6-4552-81A5-B7DD008E478A}.Release|Any CPU.ActiveCfg = Release|Any CPU
		{1336EBC9-35D6-4552-81A5-B7DD008E478A}.Release|Any CPU.Build.0 = Release|Any CPU
	EndGlobalSection
	GlobalSection(SolutionProperties) = preSolution
		HideSolutionNode = FALSE
	EndGlobalSection
	GlobalSection(ExtensibilityGlobals) = postSolution
		SolutionGuid = {9EBE1C5B-0B52-4587-896C-DA25FC3F17AE}
	EndGlobalSection
EndGlobal
